
Microsoft Visual Studio Solution File, Format Version 12.00
# Visual Studio 2015
Project("{FAE04EC0-301F-11D3-BF4B-00C04F79EFBC}") = "Messing around", "Messing around.csproj", "{9ADCC22A-8140-6C35-1867-67C88683DFAA}"
EndProject
Global
	GlobalSection(SolutionConfigurationPlatforms) = preSolution
		Debug|Any CPU = Debug|Any CPU
		Release|Any CPU = Release|Any CPU
	EndGlobalSection
	GlobalSection(ProjectConfigurationPlatforms) = postSolution
		{9ADCC22A-8140-6C35-1867-67C88683DFAA}.Debug|Any CPU.ActiveCfg = Debug|Any CPU
		{9ADCC22A-8140-6C35-1867-67C88683DFAA}.Debug|Any CPU.Build.0 = Debug|Any CPU
		{9ADCC22A-8140-6C35-1867-67C88683DFAA}.Release|Any CPU.ActiveCfg = Release|Any CPU
		{9ADCC22A-8140-6C35-1867-67C88683DFAA}.Release|Any CPU.Build.0 = Release|Any CPU
	EndGlobalSection
	GlobalSection(SolutionProperties) = preSolution
		HideSolutionNode = FALSE
	EndGlobalSection
EndGlobal
